
Microsoft Visual Studio Solution File, Format Version 12.00
# Visual Studio Version 17
VisualStudioVersion = 17.0.31919.166
MinimumVisualStudioVersion = 10.0.40219.1
Project("{FAE04EC0-301F-11D3-BF4B-00C04F79EFBC}") = "Course3", "Course3\Course3.csproj", "{0AC730A5-BAD5-4EC9-A826-990630A779D9}"
EndProject
Global
	GlobalSection(SolutionConfigurationPlatforms) = preSolution
		Debug|Any CPU = Debug|Any CPU
		Release|Any CPU = Release|Any CPU
	EndGlobalSection
	GlobalSection(ProjectConfigurationPlatforms) = postSolution
		{0AC730A5-BAD5-4EC9-A826-990630A779D9}.Debug|Any CPU.ActiveCfg = Debug|Any CPU
		{0AC730A5-BAD5-4EC9-A826-990630A779D9}.Debug|Any CPU.Build.0 = Debug|Any CPU
		{0AC730A5-BAD5-4EC9-A826-990630A779D9}.Release|Any CPU.ActiveCfg = Release|Any CPU
		{0AC730A5-BAD5-4EC9-A826-990630A779D9}.Release|Any CPU.Build.0 = Release|Any CPU
	EndGlobalSection
	GlobalSection(SolutionProperties) = preSolution
		HideSolutionNode = FALSE
	EndGlobalSection
	GlobalSection(ExtensibilityGlobals) = postSolution
		SolutionGuid = {2965B3BF-08E3-4EFE-A912-4256CD7F9DF5}
	EndGlobalSection
EndGlobal
